
Microsoft Visual Studio Solution File, Format Version 12.00
# Visual Studio 15
VisualStudioVersion = 15.0.28307.1082
MinimumVisualStudioVersion = 10.0.40219.1
Project("{FAE04EC0-301F-11D3-BF4B-00C04F79EFBC}") = "Modification", "Modification\Modification.csproj", "{9312AA11-2C91-4152-B4EB-3FA5E0287436}"
EndProject
Global
	GlobalSection(SolutionConfigurationPlatforms) = preSolution
		Debug|Any CPU = Debug|Any CPU
		Release|Any CPU = Release|Any CPU
	EndGlobalSection
	GlobalSection(ProjectConfigurationPlatforms) = postSolution
		{9312AA11-2C91-4152-B4EB-3FA5E0287436}.Debug|Any CPU.ActiveCfg = Debug|Any CPU
		{9312AA11-2C91-4152-B4EB-3FA5E0287436}.Debug|Any CPU.Build.0 = Debug|Any CPU
		{9312AA11-2C91-4152-B4EB-3FA5E0287436}.Release|Any CPU.ActiveCfg = Release|Any CPU
		{9312AA11-2C91-4152-B4EB-3FA5E0287436}.Release|Any CPU.Build.0 = Release|Any CPU
	EndGlobalSection
	GlobalSection(SolutionProperties) = preSolution
		HideSolutionNode = FALSE
	EndGlobalSection
	GlobalSection(ExtensibilityGlobals) = postSolution
		SolutionGuid = {AB32096B-7967-4CBD-9877-C18EF5C61750}
	EndGlobalSection
EndGlobal
